
Microsoft Visual Studio Solution File, Format Version 12.00
# Visual Studio Version 17
VisualStudioVersion = 17.5.33516.290
MinimumVisualStudioVersion = 10.0.40219.1
Project("{FAE04EC0-301F-11D3-BF4B-00C04F79EFBC}") = "Sharpify", "Sharpify\Sharpify.csproj", "{B7E50023-3684-40A8-8968-0AC3E75560A7}"
EndProject
Global
	GlobalSection(SolutionConfigurationPlatforms) = preSolution
		Debug|Any CPU = Debug|Any CPU
		Release|Any CPU = Release|Any CPU
	EndGlobalSection
	GlobalSection(ProjectConfigurationPlatforms) = postSolution
		{B7E50023-3684-40A8-8968-0AC3E75560A7}.Debug|Any CPU.ActiveCfg = Debug|Any CPU
		{B7E50023-3684-40A8-8968-0AC3E75560A7}.Debug|Any CPU.Build.0 = Debug|Any CPU
		{B7E50023-3684-40A8-8968-0AC3E75560A7}.Release|Any CPU.ActiveCfg = Release|Any CPU
		{B7E50023-3684-40A8-8968-0AC3E75560A7}.Release|Any CPU.Build.0 = Release|Any CPU
	EndGlobalSection
	GlobalSection(SolutionProperties) = preSolution
		HideSolutionNode = FALSE
	EndGlobalSection
	GlobalSection(ExtensibilityGlobals) = postSolution
		SolutionGuid = {E9922EF9-146A-40B4-B612-F9C6BB5D9F64}
	EndGlobalSection
EndGlobal
