
Microsoft Visual Studio Solution File, Format Version 12.00
Project("{FAE04EC0-301F-11D3-BF4B-00C04F79EFBC}") = "Calc", "Calc\Calc.csproj", "{FEBFD7FC-632D-4EC7-87E0-6802B6DB30FD}"
EndProject
Global
	GlobalSection(SolutionConfigurationPlatforms) = preSolution
		Debug|Any CPU = Debug|Any CPU
		Release|Any CPU = Release|Any CPU
	EndGlobalSection
	GlobalSection(ProjectConfigurationPlatforms) = postSolution
		{FEBFD7FC-632D-4EC7-87E0-6802B6DB30FD}.Debug|Any CPU.ActiveCfg = Debug|Any CPU
		{FEBFD7FC-632D-4EC7-87E0-6802B6DB30FD}.Debug|Any CPU.Build.0 = Debug|Any CPU
		{FEBFD7FC-632D-4EC7-87E0-6802B6DB30FD}.Release|Any CPU.ActiveCfg = Release|Any CPU
		{FEBFD7FC-632D-4EC7-87E0-6802B6DB30FD}.Release|Any CPU.Build.0 = Release|Any CPU
	EndGlobalSection
EndGlobal
